
Microsoft Visual Studio Solution File, Format Version 12.00
# Visual Studio Version 17
VisualStudioVersion = 17.14.36811.4 d17.14
MinimumVisualStudioVersion = 10.0.40219.1
Project("{FAE04EC0-301F-11D3-BF4B-00C04F79EFBC}") = "ConsoleApp23", "ConsoleApp23\ConsoleApp23.csproj", "{DA95D594-E408-48C8-9460-1FF90BA68A33}"
EndProject
Global
	GlobalSection(SolutionConfigurationPlatforms) = preSolution
		Debug|Any CPU = Debug|Any CPU
		Release|Any CPU = Release|Any CPU
	EndGlobalSection
	GlobalSection(ProjectConfigurationPlatforms) = postSolution
		{DA95D594-E408-48C8-9460-1FF90BA68A33}.Debug|Any CPU.ActiveCfg = Debug|Any CPU
		{DA95D594-E408-48C8-9460-1FF90BA68A33}.Debug|Any CPU.Build.0 = Debug|Any CPU
		{DA95D594-E408-48C8-9460-1FF90BA68A33}.Release|Any CPU.ActiveCfg = Release|Any CPU
		{DA95D594-E408-48C8-9460-1FF90BA68A33}.Release|Any CPU.Build.0 = Release|Any CPU
	EndGlobalSection
	GlobalSection(SolutionProperties) = preSolution
		HideSolutionNode = FALSE
	EndGlobalSection
	GlobalSection(ExtensibilityGlobals) = postSolution
		SolutionGuid = {DB4A4CC0-0E9A-47A5-A2B9-8B9F546946CB}
	EndGlobalSection
EndGlobal
