
Microsoft Visual Studio Solution File, Format Version 12.00
# Visual Studio Version 17
VisualStudioVersion = 17.14.36811.4 d17.14
MinimumVisualStudioVersion = 10.0.40219.1
Project("{FAE04EC0-301F-11D3-BF4B-00C04F79EFBC}") = "ConsoleApp5", "ConsoleApp5\ConsoleApp5.csproj", "{559E0729-4DD4-41FB-8091-4F56B542102D}"
EndProject
Global
	GlobalSection(SolutionConfigurationPlatforms) = preSolution
		Debug|Any CPU = Debug|Any CPU
		Release|Any CPU = Release|Any CPU
	EndGlobalSection
	GlobalSection(ProjectConfigurationPlatforms) = postSolution
		{559E0729-4DD4-41FB-8091-4F56B542102D}.Debug|Any CPU.ActiveCfg = Debug|Any CPU
		{559E0729-4DD4-41FB-8091-4F56B542102D}.Debug|Any CPU.Build.0 = Debug|Any CPU
		{559E0729-4DD4-41FB-8091-4F56B542102D}.Release|Any CPU.ActiveCfg = Release|Any CPU
		{559E0729-4DD4-41FB-8091-4F56B542102D}.Release|Any CPU.Build.0 = Release|Any CPU
	EndGlobalSection
	GlobalSection(SolutionProperties) = preSolution
		HideSolutionNode = FALSE
	EndGlobalSection
	GlobalSection(ExtensibilityGlobals) = postSolution
		SolutionGuid = {C3F47871-5F81-4536-B2D1-5E9F447EE9D6}
	EndGlobalSection
EndGlobal
