
Microsoft Visual Studio Solution File, Format Version 12.00
# Visual Studio Version 17
VisualStudioVersion = 17.14.36811.4 d17.14
MinimumVisualStudioVersion = 10.0.40219.1
Project("{FAE04EC0-301F-11D3-BF4B-00C04F79EFBC}") = "2dayRe", "2dayRe\2dayRe.csproj", "{4804B684-7014-41DA-9DA5-40515CE04F20}"
EndProject
Global
	GlobalSection(SolutionConfigurationPlatforms) = preSolution
		Debug|Any CPU = Debug|Any CPU
		Release|Any CPU = Release|Any CPU
	EndGlobalSection
	GlobalSection(ProjectConfigurationPlatforms) = postSolution
		{4804B684-7014-41DA-9DA5-40515CE04F20}.Debug|Any CPU.ActiveCfg = Debug|Any CPU
		{4804B684-7014-41DA-9DA5-40515CE04F20}.Debug|Any CPU.Build.0 = Debug|Any CPU
		{4804B684-7014-41DA-9DA5-40515CE04F20}.Release|Any CPU.ActiveCfg = Release|Any CPU
		{4804B684-7014-41DA-9DA5-40515CE04F20}.Release|Any CPU.Build.0 = Release|Any CPU
	EndGlobalSection
	GlobalSection(SolutionProperties) = preSolution
		HideSolutionNode = FALSE
	EndGlobalSection
	GlobalSection(ExtensibilityGlobals) = postSolution
		SolutionGuid = {95DBCBB8-E3F1-4881-AE27-C63BD79A4618}
	EndGlobalSection
EndGlobal
