
Microsoft Visual Studio Solution File, Format Version 12.00
# Visual Studio Version 17
VisualStudioVersion = 17.14.36811.4 d17.14
MinimumVisualStudioVersion = 10.0.40219.1
Project("{FAE04EC0-301F-11D3-BF4B-00C04F79EFBC}") = "ConsoleApp9", "ConsoleApp9\ConsoleApp9.csproj", "{FADE6DEF-F19A-4C20-8E80-5FF9315F7FF4}"
EndProject
Global
	GlobalSection(SolutionConfigurationPlatforms) = preSolution
		Debug|Any CPU = Debug|Any CPU
		Release|Any CPU = Release|Any CPU
	EndGlobalSection
	GlobalSection(ProjectConfigurationPlatforms) = postSolution
		{FADE6DEF-F19A-4C20-8E80-5FF9315F7FF4}.Debug|Any CPU.ActiveCfg = Debug|Any CPU
		{FADE6DEF-F19A-4C20-8E80-5FF9315F7FF4}.Debug|Any CPU.Build.0 = Debug|Any CPU
		{FADE6DEF-F19A-4C20-8E80-5FF9315F7FF4}.Release|Any CPU.ActiveCfg = Release|Any CPU
		{FADE6DEF-F19A-4C20-8E80-5FF9315F7FF4}.Release|Any CPU.Build.0 = Release|Any CPU
	EndGlobalSection
	GlobalSection(SolutionProperties) = preSolution
		HideSolutionNode = FALSE
	EndGlobalSection
	GlobalSection(ExtensibilityGlobals) = postSolution
		SolutionGuid = {A214E925-ADDA-4FB5-8385-61243F4901B4}
	EndGlobalSection
EndGlobal
