
Microsoft Visual Studio Solution File, Format Version 12.00
# Visual Studio Version 17
VisualStudioVersion = 17.14.36811.4 d17.14
MinimumVisualStudioVersion = 10.0.40219.1
Project("{FAE04EC0-301F-11D3-BF4B-00C04F79EFBC}") = "ConsoleApp13", "ConsoleApp13\ConsoleApp13.csproj", "{4474D0ED-FD0B-44BF-9EA1-1AC8C8708E65}"
EndProject
Global
	GlobalSection(SolutionConfigurationPlatforms) = preSolution
		Debug|Any CPU = Debug|Any CPU
		Release|Any CPU = Release|Any CPU
	EndGlobalSection
	GlobalSection(ProjectConfigurationPlatforms) = postSolution
		{4474D0ED-FD0B-44BF-9EA1-1AC8C8708E65}.Debug|Any CPU.ActiveCfg = Debug|Any CPU
		{4474D0ED-FD0B-44BF-9EA1-1AC8C8708E65}.Debug|Any CPU.Build.0 = Debug|Any CPU
		{4474D0ED-FD0B-44BF-9EA1-1AC8C8708E65}.Release|Any CPU.ActiveCfg = Release|Any CPU
		{4474D0ED-FD0B-44BF-9EA1-1AC8C8708E65}.Release|Any CPU.Build.0 = Release|Any CPU
	EndGlobalSection
	GlobalSection(SolutionProperties) = preSolution
		HideSolutionNode = FALSE
	EndGlobalSection
	GlobalSection(ExtensibilityGlobals) = postSolution
		SolutionGuid = {E20ED4F6-F63B-487A-9707-FB7C5C26A2F2}
	EndGlobalSection
EndGlobal
