
Microsoft Visual Studio Solution File, Format Version 12.00
# Visual Studio Version 17
VisualStudioVersion = 17.14.36811.4 d17.14
MinimumVisualStudioVersion = 10.0.40219.1
Project("{FAE04EC0-301F-11D3-BF4B-00C04F79EFBC}") = "ConsoleApp3", "ConsoleApp3\ConsoleApp3.csproj", "{DA916B8B-2EF8-47A4-9AA5-52B073B4CF54}"
EndProject
Global
	GlobalSection(SolutionConfigurationPlatforms) = preSolution
		Debug|Any CPU = Debug|Any CPU
		Release|Any CPU = Release|Any CPU
	EndGlobalSection
	GlobalSection(ProjectConfigurationPlatforms) = postSolution
		{DA916B8B-2EF8-47A4-9AA5-52B073B4CF54}.Debug|Any CPU.ActiveCfg = Debug|Any CPU
		{DA916B8B-2EF8-47A4-9AA5-52B073B4CF54}.Debug|Any CPU.Build.0 = Debug|Any CPU
		{DA916B8B-2EF8-47A4-9AA5-52B073B4CF54}.Release|Any CPU.ActiveCfg = Release|Any CPU
		{DA916B8B-2EF8-47A4-9AA5-52B073B4CF54}.Release|Any CPU.Build.0 = Release|Any CPU
	EndGlobalSection
	GlobalSection(SolutionProperties) = preSolution
		HideSolutionNode = FALSE
	EndGlobalSection
	GlobalSection(ExtensibilityGlobals) = postSolution
		SolutionGuid = {BDD1B94B-A1FC-4C2F-A573-1F2C8BF5559C}
	EndGlobalSection
EndGlobal
