
Microsoft Visual Studio Solution File, Format Version 12.00
# Visual Studio Version 17
VisualStudioVersion = 17.14.36811.4 d17.14
MinimumVisualStudioVersion = 10.0.40219.1
Project("{FAE04EC0-301F-11D3-BF4B-00C04F79EFBC}") = "ConsoleApp5", "ConsoleApp5\ConsoleApp5.csproj", "{1FA4E9EF-AEC7-464C-B9A7-1D421CBB14CD}"
EndProject
Global
	GlobalSection(SolutionConfigurationPlatforms) = preSolution
		Debug|Any CPU = Debug|Any CPU
		Release|Any CPU = Release|Any CPU
	EndGlobalSection
	GlobalSection(ProjectConfigurationPlatforms) = postSolution
		{1FA4E9EF-AEC7-464C-B9A7-1D421CBB14CD}.Debug|Any CPU.ActiveCfg = Debug|Any CPU
		{1FA4E9EF-AEC7-464C-B9A7-1D421CBB14CD}.Debug|Any CPU.Build.0 = Debug|Any CPU
		{1FA4E9EF-AEC7-464C-B9A7-1D421CBB14CD}.Release|Any CPU.ActiveCfg = Release|Any CPU
		{1FA4E9EF-AEC7-464C-B9A7-1D421CBB14CD}.Release|Any CPU.Build.0 = Release|Any CPU
	EndGlobalSection
	GlobalSection(SolutionProperties) = preSolution
		HideSolutionNode = FALSE
	EndGlobalSection
	GlobalSection(ExtensibilityGlobals) = postSolution
		SolutionGuid = {FB41A4EC-2028-4FE7-818F-5EA7F60C3761}
	EndGlobalSection
EndGlobal
